
Microsoft Visual Studio Solution File, Format Version 12.00
# Visual Studio Version 17
VisualStudioVersion = 17.3.32825.248
MinimumVisualStudioVersion = 10.0.40219.1
Project("{FAE04EC0-301F-11D3-BF4B-00C04F79EFBC}") = "WEB_API", "WEB_API\WEB_API.csproj", "{8B03D1D4-F693-454E-A680-9C1F2CDCDC68}"
EndProject
Global
	GlobalSection(SolutionConfigurationPlatforms) = preSolution
		Debug|Any CPU = Debug|Any CPU
		Release|Any CPU = Release|Any CPU
	EndGlobalSection
	GlobalSection(ProjectConfigurationPlatforms) = postSolution
		{8B03D1D4-F693-454E-A680-9C1F2CDCDC68}.Debug|Any CPU.ActiveCfg = Debug|Any CPU
		{8B03D1D4-F693-454E-A680-9C1F2CDCDC68}.Debug|Any CPU.Build.0 = Debug|Any CPU
		{8B03D1D4-F693-454E-A680-9C1F2CDCDC68}.Release|Any CPU.ActiveCfg = Release|Any CPU
		{8B03D1D4-F693-454E-A680-9C1F2CDCDC68}.Release|Any CPU.Build.0 = Release|Any CPU
	EndGlobalSection
	GlobalSection(SolutionProperties) = preSolution
		HideSolutionNode = FALSE
	EndGlobalSection
	GlobalSection(ExtensibilityGlobals) = postSolution
		SolutionGuid = {2232439D-1B7A-439A-A2D3-44C712085516}
	EndGlobalSection
EndGlobal
